// !$*UTF8*$!
{
	archiveVersion = 1;
	classes = {
	};
	objectVersion = 46;
	objects = {

/* Begin PBXBuildFile section */
		451B6BE820B329F100963CE4 /* Smooch.framework in Frameworks */ = {isa = PBXBuildFile; fileRef = 451B6BE720B329F100963CE4 /* Smooch.framework */; };
		5D72D2EC1C16249000E22EC1 /* RCTOkkamiSdk.h in CopyFiles */ = {isa = PBXBuildFile; fileRef = 5D72D2EB1C16249000E22EC1 /* RCTOkkamiSdk.h */; };
		5D72D2EE1C16249000E22EC1 /* RCTOkkamiSdk.m in Sources */ = {isa = PBXBuildFile; fileRef = 5D72D2ED1C16249000E22EC1 /* RCTOkkamiSdk.m */; };
		651237371EE48026004CD7F1 /* RCTokkamiiossdk.framework in Frameworks */ = {isa = PBXBuildFile; fileRef = 651237361EE48026004CD7F1 /* RCTokkamiiossdk.framework */; };
		654321451EFA541F00BF2027 /* Language.m in Sources */ = {isa = PBXBuildFile; fileRef = 654321441EFA541F00BF2027 /* Language.m */; };
		657817CE1ED573790079B076 /* UserNotifications.framework in Frameworks */ = {isa = PBXBuildFile; fileRef = 657817CC1ED573780079B076 /* UserNotifications.framework */; settings = {ATTRIBUTES = (Weak, ); }; };
		657817CF1ED573790079B076 /* UserNotificationsUI.framework in Frameworks */ = {isa = PBXBuildFile; fileRef = 657817CD1ED573780079B076 /* UserNotificationsUI.framework */; settings = {ATTRIBUTES = (Weak, ); }; };
		6589563C1ECFF9F00080F354 /* Pusher.framework in Frameworks */ = {isa = PBXBuildFile; fileRef = 6589563B1ECFF9F00080F354 /* Pusher.framework */; };
		6589563E1ECFF9F70080F354 /* SocketRocket.framework in Frameworks */ = {isa = PBXBuildFile; fileRef = 6589563D1ECFF9F70080F354 /* SocketRocket.framework */; };
		658956401ECFFAB30080F354 /* Pods_OKKAMI.framework in Frameworks */ = {isa = PBXBuildFile; fileRef = 6589563F1ECFFAB30080F354 /* Pods_OKKAMI.framework */; };
		65F9CF401ED2945100315693 /* OpenGLES.framework in Frameworks */ = {isa = PBXBuildFile; fileRef = 65F9CF3F1ED2945100315693 /* OpenGLES.framework */; };
		65F9CF421ED2945700315693 /* UIKit.framework in Frameworks */ = {isa = PBXBuildFile; fileRef = 65F9CF411ED2945700315693 /* UIKit.framework */; };
		65F9CF441ED2945E00315693 /* SystemConfiguration.framework in Frameworks */ = {isa = PBXBuildFile; fileRef = 65F9CF431ED2945E00315693 /* SystemConfiguration.framework */; };
		65F9CF461ED2946200315693 /* QuartzCore.framework in Frameworks */ = {isa = PBXBuildFile; fileRef = 65F9CF451ED2946200315693 /* QuartzCore.framework */; };
		65F9CF491ED2946F00315693 /* CoreTelephony.framework in Frameworks */ = {isa = PBXBuildFile; fileRef = 65F9CF471ED2946F00315693 /* CoreTelephony.framework */; };
		65F9CF4A1ED2946F00315693 /* Photos.framework in Frameworks */ = {isa = PBXBuildFile; fileRef = 65F9CF481ED2946F00315693 /* Photos.framework */; };
		65F9CF4C1ED2948500315693 /* Foundation.framework in Frameworks */ = {isa = PBXBuildFile; fileRef = 65F9CF4B1ED2948500315693 /* Foundation.framework */; };
		65F9CF4E1ED2948D00315693 /* CoreText.framework in Frameworks */ = {isa = PBXBuildFile; fileRef = 65F9CF4D1ED2948D00315693 /* CoreText.framework */; };
		65F9CF501ED2949300315693 /* CoreGraphics.framework in Frameworks */ = {isa = PBXBuildFile; fileRef = 65F9CF4F1ED2949300315693 /* CoreGraphics.framework */; };
		65F9CF521ED2949900315693 /* CFNetwork.framework in Frameworks */ = {isa = PBXBuildFile; fileRef = 65F9CF511ED2949900315693 /* CFNetwork.framework */; };
		65F9CF541ED2949E00315693 /* AVFoundation.framework in Frameworks */ = {isa = PBXBuildFile; fileRef = 65F9CF531ED2949E00315693 /* AVFoundation.framework */; };
		65F9CF561ED294A300315693 /* AssetsLibrary.framework in Frameworks */ = {isa = PBXBuildFile; fileRef = 65F9CF551ED294A300315693 /* AssetsLibrary.framework */; };
		FA3DC2351E6D954900866C11 /* LineSDK.framework in Frameworks */ = {isa = PBXBuildFile; fileRef = FA3DC2341E6D954900866C11 /* LineSDK.framework */; };
		FA7FD0A41EC09CAA00C7D8B9 /* FBSDKCoreKit.framework in Frameworks */ = {isa = PBXBuildFile; fileRef = FA7FD0A31EC09CAA00C7D8B9 /* FBSDKCoreKit.framework */; };
		FAF109061E48E2A0000B1E84 /* RCTOkkamiSdkImplementation.framework in Frameworks */ = {isa = PBXBuildFile; fileRef = FAF109051E48E2A0000B1E84 /* RCTOkkamiSdkImplementation.framework */; };
		FAF109081E48E2B9000B1E84 /* Pods_RCTOkkamiSdkImplementation.framework in Frameworks */ = {isa = PBXBuildFile; fileRef = FAF109071E48E2B9000B1E84 /* Pods_RCTOkkamiSdkImplementation.framework */; };
		FFE595D321134A3A0076FECB /* SeosMobileKeysSDK.framework in Frameworks */ = {isa = PBXBuildFile; fileRef = FFE595CC21134A390076FECB /* SeosMobileKeysSDK.framework */; };
		FFE595D421134A3A0076FECB /* CocoaLumberjack.framework in Frameworks */ = {isa = PBXBuildFile; fileRef = FFE595CD21134A390076FECB /* CocoaLumberjack.framework */; };
		FFE595D621134A3A0076FECB /* BerTlv.framework in Frameworks */ = {isa = PBXBuildFile; fileRef = FFE595CF21134A390076FECB /* BerTlv.framework */; };
		FFE595D721134A3A0076FECB /* OpenKeySDK.framework in Frameworks */ = {isa = PBXBuildFile; fileRef = FFE595D021134A390076FECB /* OpenKeySDK.framework */; };
		FFE595D821134A3A0076FECB /* Mixpanel.framework in Frameworks */ = {isa = PBXBuildFile; fileRef = FFE595D121134A3A0076FECB /* Mixpanel.framework */; };
		FFE595D921134A3A0076FECB /* JSONModel.framework in Frameworks */ = {isa = PBXBuildFile; fileRef = FFE595D221134A3A0076FECB /* JSONModel.framework */; };
/* End PBXBuildFile section */

/* Begin PBXCopyFilesBuildPhase section */
		5D72D2E61C16249000E22EC1 /* CopyFiles */ = {
			isa = PBXCopyFilesBuildPhase;
			buildActionMask = 2147483647;
			dstPath = "include/$(PRODUCT_NAME)";
			dstSubfolderSpec = 16;
			files = (
				5D72D2EC1C16249000E22EC1 /* RCTOkkamiSdk.h in CopyFiles */,
			);
			runOnlyForDeploymentPostprocessing = 0;
		};
/* End PBXCopyFilesBuildPhase section */

/* Begin PBXFileReference section */
		451B6BE720B329F100963CE4 /* Smooch.framework */ = {isa = PBXFileReference; lastKnownFileType = wrapper.framework; path = Smooch.framework; sourceTree = "<group>"; };
		5D72D2E81C16249000E22EC1 /* libRCTOkkamiSdk.a */ = {isa = PBXFileReference; explicitFileType = archive.ar; includeInIndex = 0; path = libRCTOkkamiSdk.a; sourceTree = BUILT_PRODUCTS_DIR; };
		5D72D2EB1C16249000E22EC1 /* RCTOkkamiSdk.h */ = {isa = PBXFileReference; lastKnownFileType = sourcecode.c.h; path = RCTOkkamiSdk.h; sourceTree = "<group>"; };
		5D72D2ED1C16249000E22EC1 /* RCTOkkamiSdk.m */ = {isa = PBXFileReference; lastKnownFileType = sourcecode.c.objc; path = RCTOkkamiSdk.m; sourceTree = "<group>"; };
		651237361EE48026004CD7F1 /* RCTokkamiiossdk.framework */ = {isa = PBXFileReference; lastKnownFileType = wrapper.framework; name = RCTokkamiiossdk.framework; path = "okkami-ios-sdk/build/Release-iphoneos/RCTokkamiiossdk.framework"; sourceTree = "<group>"; };
		652ED7D51EE9A4960036635E /* libReactNativeConfig.a */ = {isa = PBXFileReference; lastKnownFileType = archive.ar; name = libReactNativeConfig.a; path = "../../node_modules/react-native-config/ios/build/Debug-iphoneos/libReactNativeConfig.a"; sourceTree = "<group>"; };
		654321431EFA541E00BF2027 /* Language.h */ = {isa = PBXFileReference; fileEncoding = 4; lastKnownFileType = sourcecode.c.h; path = Language.h; sourceTree = "<group>"; };
		654321441EFA541F00BF2027 /* Language.m */ = {isa = PBXFileReference; fileEncoding = 4; lastKnownFileType = sourcecode.c.objc; path = Language.m; sourceTree = "<group>"; };
		657817CC1ED573780079B076 /* UserNotifications.framework */ = {isa = PBXFileReference; lastKnownFileType = wrapper.framework; name = UserNotifications.framework; path = System/Library/Frameworks/UserNotifications.framework; sourceTree = SDKROOT; };
		657817CD1ED573780079B076 /* UserNotificationsUI.framework */ = {isa = PBXFileReference; lastKnownFileType = wrapper.framework; name = UserNotificationsUI.framework; path = System/Library/Frameworks/UserNotificationsUI.framework; sourceTree = SDKROOT; };
		6589563B1ECFF9F00080F354 /* Pusher.framework */ = {isa = PBXFileReference; lastKnownFileType = wrapper.framework; name = Pusher.framework; path = "/Users/macbook/Documents/ios/react/OKKAMI-NEW/OKKAMI/ios/Pods/../build/Debug-iphoneos/libPusher/Pusher.framework"; sourceTree = "<absolute>"; };
		6589563D1ECFF9F70080F354 /* SocketRocket.framework */ = {isa = PBXFileReference; lastKnownFileType = wrapper.framework; name = SocketRocket.framework; path = "/Users/macbook/Documents/ios/react/OKKAMI-NEW/OKKAMI/ios/Pods/../build/Debug-iphoneos/SocketRocket/SocketRocket.framework"; sourceTree = "<absolute>"; };
		6589563F1ECFFAB30080F354 /* Pods_OKKAMI.framework */ = {isa = PBXFileReference; lastKnownFileType = wrapper.framework; name = Pods_OKKAMI.framework; path = "../../../../../../../Library/Developer/Xcode/DerivedData/OKKAMI-gcezqwwiawdunwhjuddntnnkhtld/Build/Products/Debug-iphoneos/Pods_OKKAMI.framework"; sourceTree = "<group>"; };
		658956651ECFFF410080F354 /* NSDictionary+QueryString.m */ = {isa = PBXFileReference; lastKnownFileType = sourcecode.c.objc; path = "NSDictionary+QueryString.m"; sourceTree = "<group>"; };
		658956661ECFFF410080F354 /* NSDictionary+StringValue.m */ = {isa = PBXFileReference; lastKnownFileType = sourcecode.c.objc; path = "NSDictionary+StringValue.m"; sourceTree = "<group>"; };
		658956671ECFFF410080F354 /* NSString+Hashing.m */ = {isa = PBXFileReference; lastKnownFileType = sourcecode.c.objc; path = "NSString+Hashing.m"; sourceTree = "<group>"; };
		658956691ECFFF410080F354 /* NSDictionary+QueryString.h */ = {isa = PBXFileReference; lastKnownFileType = sourcecode.c.h; path = "NSDictionary+QueryString.h"; sourceTree = "<group>"; };
		6589566A1ECFFF410080F354 /* NSDictionary+StringValue.h */ = {isa = PBXFileReference; lastKnownFileType = sourcecode.c.h; path = "NSDictionary+StringValue.h"; sourceTree = "<group>"; };
		6589566B1ECFFF410080F354 /* NSString+Hashing.h */ = {isa = PBXFileReference; lastKnownFileType = sourcecode.c.h; path = "NSString+Hashing.h"; sourceTree = "<group>"; };
		6589566C1ECFFF410080F354 /* PTBlockEventListener.h */ = {isa = PBXFileReference; lastKnownFileType = sourcecode.c.h; path = PTBlockEventListener.h; sourceTree = "<group>"; };
		6589566D1ECFFF410080F354 /* PTJSON.h */ = {isa = PBXFileReference; lastKnownFileType = sourcecode.c.h; path = PTJSON.h; sourceTree = "<group>"; };
		6589566E1ECFFF410080F354 /* PTPusherChannel_Private.h */ = {isa = PBXFileReference; lastKnownFileType = sourcecode.c.h; path = PTPusherChannel_Private.h; sourceTree = "<group>"; };
		6589566F1ECFFF410080F354 /* PTTargetActionEventListener.h */ = {isa = PBXFileReference; lastKnownFileType = sourcecode.c.h; path = PTTargetActionEventListener.h; sourceTree = "<group>"; };
		658956701ECFFF410080F354 /* PTBlockEventListener.m */ = {isa = PBXFileReference; lastKnownFileType = sourcecode.c.objc; path = PTBlockEventListener.m; sourceTree = "<group>"; };
		658956711ECFFF410080F354 /* PTEventListener.h */ = {isa = PBXFileReference; lastKnownFileType = sourcecode.c.h; path = PTEventListener.h; sourceTree = "<group>"; };
		658956721ECFFF410080F354 /* PTJSON.m */ = {isa = PBXFileReference; lastKnownFileType = sourcecode.c.objc; path = PTJSON.m; sourceTree = "<group>"; };
		658956731ECFFF410080F354 /* PTNativePusher.h */ = {isa = PBXFileReference; lastKnownFileType = sourcecode.c.h; path = PTNativePusher.h; sourceTree = "<group>"; };
		658956741ECFFF410080F354 /* PTNativePusher.m */ = {isa = PBXFileReference; lastKnownFileType = sourcecode.c.objc; path = PTNativePusher.m; sourceTree = "<group>"; };
		658956751ECFFF410080F354 /* PTPusher.h */ = {isa = PBXFileReference; lastKnownFileType = sourcecode.c.h; path = PTPusher.h; sourceTree = "<group>"; };
		658956761ECFFF410080F354 /* PTPusher.m */ = {isa = PBXFileReference; lastKnownFileType = sourcecode.c.objc; path = PTPusher.m; sourceTree = "<group>"; };
		658956771ECFFF410080F354 /* PTPusherAPI.h */ = {isa = PBXFileReference; lastKnownFileType = sourcecode.c.h; path = PTPusherAPI.h; sourceTree = "<group>"; };
		658956781ECFFF410080F354 /* PTPusherAPI.m */ = {isa = PBXFileReference; lastKnownFileType = sourcecode.c.objc; path = PTPusherAPI.m; sourceTree = "<group>"; };
		658956791ECFFF410080F354 /* PTPusherChannel.h */ = {isa = PBXFileReference; lastKnownFileType = sourcecode.c.h; path = PTPusherChannel.h; sourceTree = "<group>"; };
		6589567A1ECFFF410080F354 /* PTPusherChannel.m */ = {isa = PBXFileReference; lastKnownFileType = sourcecode.c.objc; path = PTPusherChannel.m; sourceTree = "<group>"; };
		6589567B1ECFFF410080F354 /* PTPusherChannelAuthorizationDelegate.h */ = {isa = PBXFileReference; lastKnownFileType = sourcecode.c.h; path = PTPusherChannelAuthorizationDelegate.h; sourceTree = "<group>"; };
		6589567C1ECFFF410080F354 /* PTPusherChannelServerBasedAuthorization.h */ = {isa = PBXFileReference; lastKnownFileType = sourcecode.c.h; path = PTPusherChannelServerBasedAuthorization.h; sourceTree = "<group>"; };
		6589567D1ECFFF410080F354 /* PTPusherChannelServerBasedAuthorization.m */ = {isa = PBXFileReference; lastKnownFileType = sourcecode.c.objc; path = PTPusherChannelServerBasedAuthorization.m; sourceTree = "<group>"; };
		6589567E1ECFFF410080F354 /* PTPusherConnection.h */ = {isa = PBXFileReference; lastKnownFileType = sourcecode.c.h; path = PTPusherConnection.h; sourceTree = "<group>"; };
		6589567F1ECFFF410080F354 /* PTPusherConnection.m */ = {isa = PBXFileReference; lastKnownFileType = sourcecode.c.objc; path = PTPusherConnection.m; sourceTree = "<group>"; };
		658956801ECFFF410080F354 /* PTPusherDelegate.h */ = {isa = PBXFileReference; lastKnownFileType = sourcecode.c.h; path = PTPusherDelegate.h; sourceTree = "<group>"; };
		658956811ECFFF410080F354 /* PTPusherErrors.h */ = {isa = PBXFileReference; lastKnownFileType = sourcecode.c.h; path = PTPusherErrors.h; sourceTree = "<group>"; };
		658956821ECFFF410080F354 /* PTPusherEvent.h */ = {isa = PBXFileReference; lastKnownFileType = sourcecode.c.h; path = PTPusherEvent.h; sourceTree = "<group>"; };
		658956831ECFFF410080F354 /* PTPusherEvent.m */ = {isa = PBXFileReference; lastKnownFileType = sourcecode.c.objc; path = PTPusherEvent.m; sourceTree = "<group>"; };
		658956841ECFFF410080F354 /* PTPusherEventDispatcher.h */ = {isa = PBXFileReference; lastKnownFileType = sourcecode.c.h; path = PTPusherEventDispatcher.h; sourceTree = "<group>"; };
		658956851ECFFF410080F354 /* PTPusherEventDispatcher.m */ = {isa = PBXFileReference; lastKnownFileType = sourcecode.c.objc; path = PTPusherEventDispatcher.m; sourceTree = "<group>"; };
		658956861ECFFF410080F354 /* PTPusherEventPublisher.h */ = {isa = PBXFileReference; lastKnownFileType = sourcecode.c.h; path = PTPusherEventPublisher.h; sourceTree = "<group>"; };
		658956871ECFFF410080F354 /* PTPusherMacros.h */ = {isa = PBXFileReference; lastKnownFileType = sourcecode.c.h; path = PTPusherMacros.h; sourceTree = "<group>"; };
		658956881ECFFF410080F354 /* PTPusherMockConnection.h */ = {isa = PBXFileReference; lastKnownFileType = sourcecode.c.h; path = PTPusherMockConnection.h; sourceTree = "<group>"; };
		658956891ECFFF410080F354 /* PTPusherMockConnection.m */ = {isa = PBXFileReference; lastKnownFileType = sourcecode.c.objc; path = PTPusherMockConnection.m; sourceTree = "<group>"; };
		6589568A1ECFFF410080F354 /* PTPusherPresenceChannelDelegate.h */ = {isa = PBXFileReference; lastKnownFileType = sourcecode.c.h; path = PTPusherPresenceChannelDelegate.h; sourceTree = "<group>"; };
		6589568B1ECFFF410080F354 /* PTTargetActionEventListener.m */ = {isa = PBXFileReference; lastKnownFileType = sourcecode.c.objc; path = PTTargetActionEventListener.m; sourceTree = "<group>"; };
		6589568C1ECFFF410080F354 /* PTURLRequestOperation.h */ = {isa = PBXFileReference; lastKnownFileType = sourcecode.c.h; path = PTURLRequestOperation.h; sourceTree = "<group>"; };
		6589568D1ECFFF410080F354 /* PTURLRequestOperation.m */ = {isa = PBXFileReference; lastKnownFileType = sourcecode.c.objc; path = PTURLRequestOperation.m; sourceTree = "<group>"; };
		6589568E1ECFFF410080F354 /* Pusher.h */ = {isa = PBXFileReference; lastKnownFileType = sourcecode.c.h; path = Pusher.h; sourceTree = "<group>"; };
		6589568F1ECFFF410080F354 /* LICENSE */ = {isa = PBXFileReference; lastKnownFileType = text; path = LICENSE; sourceTree = "<group>"; };
		658956901ECFFF410080F354 /* README-DIST.txt */ = {isa = PBXFileReference; lastKnownFileType = text; path = "README-DIST.txt"; sourceTree = "<group>"; };
		658956921ECFFF4B0080F354 /* LICENSE */ = {isa = PBXFileReference; lastKnownFileType = text; path = LICENSE; sourceTree = "<group>"; };
		658956931ECFFF4B0080F354 /* README.rst */ = {isa = PBXFileReference; lastKnownFileType = text; path = README.rst; sourceTree = "<group>"; };
		658956951ECFFF4B0080F354 /* SocketRocket.h */ = {isa = PBXFileReference; lastKnownFileType = sourcecode.c.h; path = SocketRocket.h; sourceTree = "<group>"; };
		658956961ECFFF4B0080F354 /* SRWebSocket.h */ = {isa = PBXFileReference; lastKnownFileType = sourcecode.c.h; path = SRWebSocket.h; sourceTree = "<group>"; };
		658956971ECFFF4B0080F354 /* SRWebSocket.m */ = {isa = PBXFileReference; lastKnownFileType = sourcecode.c.objc; path = SRWebSocket.m; sourceTree = "<group>"; };
		65F9CF3F1ED2945100315693 /* OpenGLES.framework */ = {isa = PBXFileReference; lastKnownFileType = wrapper.framework; name = OpenGLES.framework; path = System/Library/Frameworks/OpenGLES.framework; sourceTree = SDKROOT; };
		65F9CF411ED2945700315693 /* UIKit.framework */ = {isa = PBXFileReference; lastKnownFileType = wrapper.framework; name = UIKit.framework; path = System/Library/Frameworks/UIKit.framework; sourceTree = SDKROOT; };
		65F9CF431ED2945E00315693 /* SystemConfiguration.framework */ = {isa = PBXFileReference; lastKnownFileType = wrapper.framework; name = SystemConfiguration.framework; path = System/Library/Frameworks/SystemConfiguration.framework; sourceTree = SDKROOT; };
		65F9CF451ED2946200315693 /* QuartzCore.framework */ = {isa = PBXFileReference; lastKnownFileType = wrapper.framework; name = QuartzCore.framework; path = System/Library/Frameworks/QuartzCore.framework; sourceTree = SDKROOT; };
		65F9CF471ED2946F00315693 /* CoreTelephony.framework */ = {isa = PBXFileReference; lastKnownFileType = wrapper.framework; name = CoreTelephony.framework; path = System/Library/Frameworks/CoreTelephony.framework; sourceTree = SDKROOT; };
		65F9CF481ED2946F00315693 /* Photos.framework */ = {isa = PBXFileReference; lastKnownFileType = wrapper.framework; name = Photos.framework; path = System/Library/Frameworks/Photos.framework; sourceTree = SDKROOT; };
		65F9CF4B1ED2948500315693 /* Foundation.framework */ = {isa = PBXFileReference; lastKnownFileType = wrapper.framework; name = Foundation.framework; path = System/Library/Frameworks/Foundation.framework; sourceTree = SDKROOT; };
		65F9CF4D1ED2948D00315693 /* CoreText.framework */ = {isa = PBXFileReference; lastKnownFileType = wrapper.framework; name = CoreText.framework; path = System/Library/Frameworks/CoreText.framework; sourceTree = SDKROOT; };
		65F9CF4F1ED2949300315693 /* CoreGraphics.framework */ = {isa = PBXFileReference; lastKnownFileType = wrapper.framework; name = CoreGraphics.framework; path = System/Library/Frameworks/CoreGraphics.framework; sourceTree = SDKROOT; };
		65F9CF511ED2949900315693 /* CFNetwork.framework */ = {isa = PBXFileReference; lastKnownFileType = wrapper.framework; name = CFNetwork.framework; path = System/Library/Frameworks/CFNetwork.framework; sourceTree = SDKROOT; };
		65F9CF531ED2949E00315693 /* AVFoundation.framework */ = {isa = PBXFileReference; lastKnownFileType = wrapper.framework; name = AVFoundation.framework; path = System/Library/Frameworks/AVFoundation.framework; sourceTree = SDKROOT; };
		65F9CF551ED294A300315693 /* AssetsLibrary.framework */ = {isa = PBXFileReference; lastKnownFileType = wrapper.framework; name = AssetsLibrary.framework; path = System/Library/Frameworks/AssetsLibrary.framework; sourceTree = SDKROOT; };
		FA1C0D621E486F0200304CEB /* RCTOkkamiSdkImplementation.framework */ = {isa = PBXFileReference; lastKnownFileType = wrapper.framework; name = RCTOkkamiSdkImplementation.framework; path = "../../../../../Library/Developer/Xcode/DerivedData/OkkamiSdkTest-adkatmurlkonkheuvhkuieikzepk/Build/Products/Debug-iphonesimulator/RCTOkkamiSdkImplementation.framework"; sourceTree = "<group>"; };
		FA3DC2341E6D954900866C11 /* LineSDK.framework */ = {isa = PBXFileReference; lastKnownFileType = wrapper.framework; path = LineSDK.framework; sourceTree = "<group>"; };
		FA7FD0A31EC09CAA00C7D8B9 /* FBSDKCoreKit.framework */ = {isa = PBXFileReference; lastKnownFileType = wrapper.framework; path = FBSDKCoreKit.framework; sourceTree = "<group>"; };
		FAAEFFC61EBC43E500914A4E /* libRCTFBSDK.a */ = {isa = PBXFileReference; lastKnownFileType = archive.ar; name = libRCTFBSDK.a; path = "../../../../../../../Library/Developer/Xcode/DerivedData/OKKAMI-gcezqwwiawdunwhjuddntnnkhtld/Build/Products/Debug-iphonesimulator/libRCTFBSDK.a"; sourceTree = "<group>"; };
		FAC9F8F31E14F38100EEFC1B /* RCTOkkamiSdkImplementation.framework */ = {isa = PBXFileReference; lastKnownFileType = wrapper.framework; name = RCTOkkamiSdkImplementation.framework; path = "RCTOkkamiSdkImplementation/build/Debug-iphoneos/RCTOkkamiSdkImplementation.framework"; sourceTree = "<group>"; };
		FAF109051E48E2A0000B1E84 /* RCTOkkamiSdkImplementation.framework */ = {isa = PBXFileReference; lastKnownFileType = wrapper.framework; name = RCTOkkamiSdkImplementation.framework; path = ../../../../../Desktop/RCTOkkamiSdkImplementation.framework; sourceTree = "<group>"; };
		FAF109071E48E2B9000B1E84 /* Pods_RCTOkkamiSdkImplementation.framework */ = {isa = PBXFileReference; lastKnownFileType = wrapper.framework; name = Pods_RCTOkkamiSdkImplementation.framework; path = ../../../../../Desktop/Pods_RCTOkkamiSdkImplementation.framework; sourceTree = "<group>"; };
		FFE595BE211347960076FECB /* CocoaLumberjack.framework */ = {isa = PBXFileReference; lastKnownFileType = wrapper.framework; name = CocoaLumberjack.framework; path = ../../ios/SDK/CocoaLumberjack.framework; sourceTree = "<group>"; };
		FFE595BF211347970076FECB /* JSONModel.framework */ = {isa = PBXFileReference; lastKnownFileType = wrapper.framework; name = JSONModel.framework; path = ../../ios/SDK/JSONModel.framework; sourceTree = "<group>"; };
		FFE595C0211347970076FECB /* BerTlv.framework */ = {isa = PBXFileReference; lastKnownFileType = wrapper.framework; name = BerTlv.framework; path = ../../ios/SDK/BerTlv.framework; sourceTree = "<group>"; };
		FFE595C1211347970076FECB /* Mixpanel.framework */ = {isa = PBXFileReference; lastKnownFileType = wrapper.framework; name = Mixpanel.framework; path = ../../ios/SDK/Mixpanel.framework; sourceTree = "<group>"; };
		FFE595C2211347970076FECB /* OpenKeySDK.framework */ = {isa = PBXFileReference; lastKnownFileType = wrapper.framework; name = OpenKeySDK.framework; path = ../../ios/SDK/OpenKeySDK.framework; sourceTree = "<group>"; };
		FFE595C3211347970076FECB /* OpenSSL-Universal.framework */ = {isa = PBXFileReference; lastKnownFileType = wrapper.framework; name = "OpenSSL-Universal.framework"; path = "../../ios/SDK/OpenSSL-Universal.framework"; sourceTree = "<group>"; };
		FFE595C4211347970076FECB /* SeosMobileKeysSDK.framework */ = {isa = PBXFileReference; lastKnownFileType = wrapper.framework; name = SeosMobileKeysSDK.framework; path = ../../ios/SDK/SeosMobileKeysSDK.framework; sourceTree = "<group>"; };
		FFE595CC21134A390076FECB /* SeosMobileKeysSDK.framework */ = {isa = PBXFileReference; lastKnownFileType = wrapper.framework; name = SeosMobileKeysSDK.framework; path = ../../ios/SDK/SeosMobileKeysSDK.framework; sourceTree = "<group>"; };
		FFE595CD21134A390076FECB /* CocoaLumberjack.framework */ = {isa = PBXFileReference; lastKnownFileType = wrapper.framework; name = CocoaLumberjack.framework; path = ../../ios/SDK/CocoaLumberjack.framework; sourceTree = "<group>"; };
		FFE595CE21134A390076FECB /* OpenSSL-Universal.framework */ = {isa = PBXFileReference; lastKnownFileType = wrapper.framework; name = "OpenSSL-Universal.framework"; path = "../../ios/SDK/OpenSSL-Universal.framework"; sourceTree = "<group>"; };
		FFE595CF21134A390076FECB /* BerTlv.framework */ = {isa = PBXFileReference; lastKnownFileType = wrapper.framework; name = BerTlv.framework; path = ../../ios/SDK/BerTlv.framework; sourceTree = "<group>"; };
		FFE595D021134A390076FECB /* OpenKeySDK.framework */ = {isa = PBXFileReference; lastKnownFileType = wrapper.framework; name = OpenKeySDK.framework; path = ../../ios/SDK/OpenKeySDK.framework; sourceTree = "<group>"; };
		FFE595D121134A3A0076FECB /* Mixpanel.framework */ = {isa = PBXFileReference; lastKnownFileType = wrapper.framework; name = Mixpanel.framework; path = ../../ios/SDK/Mixpanel.framework; sourceTree = "<group>"; };
		FFE595D221134A3A0076FECB /* JSONModel.framework */ = {isa = PBXFileReference; lastKnownFileType = wrapper.framework; name = JSONModel.framework; path = ../../ios/SDK/JSONModel.framework; sourceTree = "<group>"; };
/* End PBXFileReference section */

/* Begin PBXFrameworksBuildPhase section */
		5D72D2E51C16249000E22EC1 /* Frameworks */ = {
			isa = PBXFrameworksBuildPhase;
			buildActionMask = 2147483647;
			files = (
				FFE595D921134A3A0076FECB /* JSONModel.framework in Frameworks */,
				651237371EE48026004CD7F1 /* RCTokkamiiossdk.framework in Frameworks */,
				65F9CF4C1ED2948500315693 /* Foundation.framework in Frameworks */,
				65F9CF561ED294A300315693 /* AssetsLibrary.framework in Frameworks */,
				FFE595D621134A3A0076FECB /* BerTlv.framework in Frameworks */,
				65F9CF541ED2949E00315693 /* AVFoundation.framework in Frameworks */,
				FFE595D821134A3A0076FECB /* Mixpanel.framework in Frameworks */,
				451B6BE820B329F100963CE4 /* Smooch.framework in Frameworks */,
				65F9CF521ED2949900315693 /* CFNetwork.framework in Frameworks */,
				65F9CF501ED2949300315693 /* CoreGraphics.framework in Frameworks */,
				65F9CF4E1ED2948D00315693 /* CoreText.framework in Frameworks */,
				65F9CF491ED2946F00315693 /* CoreTelephony.framework in Frameworks */,
				65F9CF4A1ED2946F00315693 /* Photos.framework in Frameworks */,
				65F9CF461ED2946200315693 /* QuartzCore.framework in Frameworks */,
				65F9CF441ED2945E00315693 /* SystemConfiguration.framework in Frameworks */,
				FFE595D721134A3A0076FECB /* OpenKeySDK.framework in Frameworks */,
				657817CE1ED573790079B076 /* UserNotifications.framework in Frameworks */,
				657817CF1ED573790079B076 /* UserNotificationsUI.framework in Frameworks */,
				65F9CF421ED2945700315693 /* UIKit.framework in Frameworks */,
				FFE595D321134A3A0076FECB /* SeosMobileKeysSDK.framework in Frameworks */,
				65F9CF401ED2945100315693 /* OpenGLES.framework in Frameworks */,
				FFE595D421134A3A0076FECB /* CocoaLumberjack.framework in Frameworks */,
				658956401ECFFAB30080F354 /* Pods_OKKAMI.framework in Frameworks */,
				6589563E1ECFF9F70080F354 /* SocketRocket.framework in Frameworks */,
				6589563C1ECFF9F00080F354 /* Pusher.framework in Frameworks */,
				FAF109081E48E2B9000B1E84 /* Pods_RCTOkkamiSdkImplementation.framework in Frameworks */,
				FA7FD0A41EC09CAA00C7D8B9 /* FBSDKCoreKit.framework in Frameworks */,
				FAF109061E48E2A0000B1E84 /* RCTOkkamiSdkImplementation.framework in Frameworks */,
				FA3DC2351E6D954900866C11 /* LineSDK.framework in Frameworks */,
			);
			runOnlyForDeploymentPostprocessing = 0;
		};
/* End PBXFrameworksBuildPhase section */

/* Begin PBXGroup section */
		5D72D2DF1C16249000E22EC1 = {
			isa = PBXGroup;
			children = (
				658956911ECFFF4B0080F354 /* SocketRocket */,
				658956631ECFFF410080F354 /* libPusher */,
				5D72D2EA1C16249000E22EC1 /* RCTOkkamiSdk */,
				5D72D2E91C16249000E22EC1 /* Products */,
				FAF229A71E141BE800F3C9C1 /* Frameworks */,
			);
			sourceTree = "<group>";
		};
		5D72D2E91C16249000E22EC1 /* Products */ = {
			isa = PBXGroup;
			children = (
				5D72D2E81C16249000E22EC1 /* libRCTOkkamiSdk.a */,
			);
			name = Products;
			sourceTree = "<group>";
		};
		5D72D2EA1C16249000E22EC1 /* RCTOkkamiSdk */ = {
			isa = PBXGroup;
			children = (
				5D72D2EB1C16249000E22EC1 /* RCTOkkamiSdk.h */,
				5D72D2ED1C16249000E22EC1 /* RCTOkkamiSdk.m */,
				654321431EFA541E00BF2027 /* Language.h */,
				654321441EFA541F00BF2027 /* Language.m */,
			);
			path = RCTOkkamiSdk;
			sourceTree = "<group>";
		};
		658956631ECFFF410080F354 /* libPusher */ = {
			isa = PBXGroup;
			children = (
				658956641ECFFF410080F354 /* Library */,
				6589568F1ECFFF410080F354 /* LICENSE */,
				658956901ECFFF410080F354 /* README-DIST.txt */,
			);
			path = libPusher;
			sourceTree = "<group>";
		};
		658956641ECFFF410080F354 /* Library */ = {
			isa = PBXGroup;
			children = (
				658956651ECFFF410080F354 /* NSDictionary+QueryString.m */,
				658956661ECFFF410080F354 /* NSDictionary+StringValue.m */,
				658956671ECFFF410080F354 /* NSString+Hashing.m */,
				658956681ECFFF410080F354 /* Private Headers */,
				658956701ECFFF410080F354 /* PTBlockEventListener.m */,
				658956711ECFFF410080F354 /* PTEventListener.h */,
				658956721ECFFF410080F354 /* PTJSON.m */,
				658956731ECFFF410080F354 /* PTNativePusher.h */,
				658956741ECFFF410080F354 /* PTNativePusher.m */,
				658956751ECFFF410080F354 /* PTPusher.h */,
				658956761ECFFF410080F354 /* PTPusher.m */,
				658956771ECFFF410080F354 /* PTPusherAPI.h */,
				658956781ECFFF410080F354 /* PTPusherAPI.m */,
				658956791ECFFF410080F354 /* PTPusherChannel.h */,
				6589567A1ECFFF410080F354 /* PTPusherChannel.m */,
				6589567B1ECFFF410080F354 /* PTPusherChannelAuthorizationDelegate.h */,
				6589567C1ECFFF410080F354 /* PTPusherChannelServerBasedAuthorization.h */,
				6589567D1ECFFF410080F354 /* PTPusherChannelServerBasedAuthorization.m */,
				6589567E1ECFFF410080F354 /* PTPusherConnection.h */,
				6589567F1ECFFF410080F354 /* PTPusherConnection.m */,
				658956801ECFFF410080F354 /* PTPusherDelegate.h */,
				658956811ECFFF410080F354 /* PTPusherErrors.h */,
				658956821ECFFF410080F354 /* PTPusherEvent.h */,
				658956831ECFFF410080F354 /* PTPusherEvent.m */,
				658956841ECFFF410080F354 /* PTPusherEventDispatcher.h */,
				658956851ECFFF410080F354 /* PTPusherEventDispatcher.m */,
				658956861ECFFF410080F354 /* PTPusherEventPublisher.h */,
				658956871ECFFF410080F354 /* PTPusherMacros.h */,
				658956881ECFFF410080F354 /* PTPusherMockConnection.h */,
				658956891ECFFF410080F354 /* PTPusherMockConnection.m */,
				6589568A1ECFFF410080F354 /* PTPusherPresenceChannelDelegate.h */,
				6589568B1ECFFF410080F354 /* PTTargetActionEventListener.m */,
				6589568C1ECFFF410080F354 /* PTURLRequestOperation.h */,
				6589568D1ECFFF410080F354 /* PTURLRequestOperation.m */,
				6589568E1ECFFF410080F354 /* Pusher.h */,
			);
			path = Library;
			sourceTree = "<group>";
		};
		658956681ECFFF410080F354 /* Private Headers */ = {
			isa = PBXGroup;
			children = (
				658956691ECFFF410080F354 /* NSDictionary+QueryString.h */,
				6589566A1ECFFF410080F354 /* NSDictionary+StringValue.h */,
				6589566B1ECFFF410080F354 /* NSString+Hashing.h */,
				6589566C1ECFFF410080F354 /* PTBlockEventListener.h */,
				6589566D1ECFFF410080F354 /* PTJSON.h */,
				6589566E1ECFFF410080F354 /* PTPusherChannel_Private.h */,
				6589566F1ECFFF410080F354 /* PTTargetActionEventListener.h */,
			);
			path = "Private Headers";
			sourceTree = "<group>";
		};
		658956911ECFFF4B0080F354 /* SocketRocket */ = {
			isa = PBXGroup;
			children = (
				658956921ECFFF4B0080F354 /* LICENSE */,
				658956931ECFFF4B0080F354 /* README.rst */,
				658956941ECFFF4B0080F354 /* SocketRocket */,
			);
			path = SocketRocket;
			sourceTree = "<group>";
		};
		658956941ECFFF4B0080F354 /* SocketRocket */ = {
			isa = PBXGroup;
			children = (
				658956951ECFFF4B0080F354 /* SocketRocket.h */,
				658956961ECFFF4B0080F354 /* SRWebSocket.h */,
				658956971ECFFF4B0080F354 /* SRWebSocket.m */,
			);
			path = SocketRocket;
			sourceTree = "<group>";
		};
		FAF229A71E141BE800F3C9C1 /* Frameworks */ = {
			isa = PBXGroup;
			children = (
				FFE595C0211347970076FECB /* BerTlv.framework */,
				FFE595CF21134A390076FECB /* BerTlv.framework */,
				FFE595BE211347960076FECB /* CocoaLumberjack.framework */,
				FFE595BF211347970076FECB /* JSONModel.framework */,
				FFE595D221134A3A0076FECB /* JSONModel.framework */,
				FFE595C1211347970076FECB /* Mixpanel.framework */,
				FFE595D121134A3A0076FECB /* Mixpanel.framework */,
				FFE595C2211347970076FECB /* OpenKeySDK.framework */,
				FFE595D021134A390076FECB /* OpenKeySDK.framework */,
				FFE595C3211347970076FECB /* OpenSSL-Universal.framework */,
				FFE595CD21134A390076FECB /* CocoaLumberjack.framework */,
				FFE595CE21134A390076FECB /* OpenSSL-Universal.framework */,
				FFE595C4211347970076FECB /* SeosMobileKeysSDK.framework */,
				FFE595CC21134A390076FECB /* SeosMobileKeysSDK.framework */,
				451B6BE720B329F100963CE4 /* Smooch.framework */,
				652ED7D51EE9A4960036635E /* libReactNativeConfig.a */,
				651237361EE48026004CD7F1 /* RCTokkamiiossdk.framework */,
				657817CC1ED573780079B076 /* UserNotifications.framework */,
				657817CD1ED573780079B076 /* UserNotificationsUI.framework */,
				65F9CF551ED294A300315693 /* AssetsLibrary.framework */,
				65F9CF531ED2949E00315693 /* AVFoundation.framework */,
				65F9CF511ED2949900315693 /* CFNetwork.framework */,
				65F9CF4F1ED2949300315693 /* CoreGraphics.framework */,
				65F9CF4D1ED2948D00315693 /* CoreText.framework */,
				65F9CF4B1ED2948500315693 /* Foundation.framework */,
				65F9CF471ED2946F00315693 /* CoreTelephony.framework */,
				65F9CF481ED2946F00315693 /* Photos.framework */,
				65F9CF451ED2946200315693 /* QuartzCore.framework */,
				65F9CF431ED2945E00315693 /* SystemConfiguration.framework */,
				65F9CF411ED2945700315693 /* UIKit.framework */,
				65F9CF3F1ED2945100315693 /* OpenGLES.framework */,
				6589563F1ECFFAB30080F354 /* Pods_OKKAMI.framework */,
				6589563D1ECFF9F70080F354 /* SocketRocket.framework */,
				6589563B1ECFF9F00080F354 /* Pusher.framework */,
				FA7FD0A31EC09CAA00C7D8B9 /* FBSDKCoreKit.framework */,
				FAAEFFC61EBC43E500914A4E /* libRCTFBSDK.a */,
				FA3DC2341E6D954900866C11 /* LineSDK.framework */,
				FAF109071E48E2B9000B1E84 /* Pods_RCTOkkamiSdkImplementation.framework */,
				FAF109051E48E2A0000B1E84 /* RCTOkkamiSdkImplementation.framework */,
				FA1C0D621E486F0200304CEB /* RCTOkkamiSdkImplementation.framework */,
				FAC9F8F31E14F38100EEFC1B /* RCTOkkamiSdkImplementation.framework */,
			);
			name = Frameworks;
			sourceTree = "<group>";
		};
/* End PBXGroup section */

/* Begin PBXNativeTarget section */
		5D72D2E71C16249000E22EC1 /* RCTOkkamiSdk */ = {
			isa = PBXNativeTarget;
			buildConfigurationList = 5D72D2F11C16249000E22EC1 /* Build configuration list for PBXNativeTarget "RCTOkkamiSdk" */;
			buildPhases = (
				5D72D2E41C16249000E22EC1 /* Sources */,
				5D72D2E51C16249000E22EC1 /* Frameworks */,
				5D72D2E61C16249000E22EC1 /* CopyFiles */,
			);
			buildRules = (
			);
			dependencies = (
			);
			name = RCTOkkamiSdk;
			productName = RCTOkkamiSdk;
			productReference = 5D72D2E81C16249000E22EC1 /* libRCTOkkamiSdk.a */;
			productType = "com.apple.product-type.library.static";
		};
/* End PBXNativeTarget section */

/* Begin PBXProject section */
		5D72D2E01C16249000E22EC1 /* Project object */ = {
			isa = PBXProject;
			attributes = {
				LastUpgradeCheck = 0710;
				ORGANIZATIONNAME = "Atticus White";
				TargetAttributes = {
					5D72D2E71C16249000E22EC1 = {
						CreatedOnToolsVersion = 7.1.1;
					};
				};
			};
			buildConfigurationList = 5D72D2E31C16249000E22EC1 /* Build configuration list for PBXProject "RCTOkkamiSdk" */;
			compatibilityVersion = "Xcode 3.2";
			developmentRegion = English;
			hasScannedForEncodings = 0;
			knownRegions = (
				en,
			);
			mainGroup = 5D72D2DF1C16249000E22EC1;
			productRefGroup = 5D72D2E91C16249000E22EC1 /* Products */;
			projectDirPath = "";
			projectRoot = "";
			targets = (
				5D72D2E71C16249000E22EC1 /* RCTOkkamiSdk */,
			);
		};
/* End PBXProject section */

/* Begin PBXSourcesBuildPhase section */
		5D72D2E41C16249000E22EC1 /* Sources */ = {
			isa = PBXSourcesBuildPhase;
			buildActionMask = 2147483647;
			files = (
				5D72D2EE1C16249000E22EC1 /* RCTOkkamiSdk.m in Sources */,
				654321451EFA541F00BF2027 /* Language.m in Sources */,
			);
			runOnlyForDeploymentPostprocessing = 0;
		};
/* End PBXSourcesBuildPhase section */

/* Begin XCBuildConfiguration section */
		5D72D2EF1C16249000E22EC1 /* Debug */ = {
			isa = XCBuildConfiguration;
			buildSettings = {
				ALWAYS_EMBED_SWIFT_STANDARD_LIBRARIES = NO;
				ALWAYS_SEARCH_USER_PATHS = NO;
				CLANG_ALLOW_NON_MODULAR_INCLUDES_IN_FRAMEWORK_MODULES = YES;
				CLANG_CXX_LANGUAGE_STANDARD = "gnu++0x";
				CLANG_CXX_LIBRARY = "libc++";
				CLANG_ENABLE_MODULES = YES;
				CLANG_ENABLE_OBJC_ARC = YES;
				CLANG_WARN_BOOL_CONVERSION = YES;
				CLANG_WARN_CONSTANT_CONVERSION = YES;
				CLANG_WARN_DIRECT_OBJC_ISA_USAGE = YES_ERROR;
				CLANG_WARN_EMPTY_BODY = YES;
				CLANG_WARN_ENUM_CONVERSION = YES;
				CLANG_WARN_INT_CONVERSION = YES;
				CLANG_WARN_OBJC_ROOT_CLASS = YES_ERROR;
				CLANG_WARN_UNREACHABLE_CODE = YES;
				CLANG_WARN__DUPLICATE_METHOD_MATCH = YES;
				"CODE_SIGN_IDENTITY[sdk=iphoneos*]" = "iPhone Developer";
				COPY_PHASE_STRIP = NO;
				DEBUG_INFORMATION_FORMAT = dwarf;
				DEFINES_MODULE = YES;
				ENABLE_STRICT_OBJC_MSGSEND = YES;
				ENABLE_TESTABILITY = YES;
				GCC_C_LANGUAGE_STANDARD = gnu99;
				GCC_DYNAMIC_NO_PIC = NO;
				GCC_NO_COMMON_BLOCKS = YES;
				GCC_OPTIMIZATION_LEVEL = 0;
				GCC_PREPROCESSOR_DEFINITIONS = (
					"DEBUG=1",
					"$(inherited)",
				);
				GCC_WARN_64_TO_32_BIT_CONVERSION = YES;
				GCC_WARN_ABOUT_RETURN_TYPE = YES_ERROR;
				GCC_WARN_UNDECLARED_SELECTOR = YES;
				GCC_WARN_UNINITIALIZED_AUTOS = YES_AGGRESSIVE;
				GCC_WARN_UNUSED_FUNCTION = YES;
				GCC_WARN_UNUSED_VARIABLE = YES;
				IPHONEOS_DEPLOYMENT_TARGET = 9.1;
				MTL_ENABLE_DEBUG_INFO = YES;
				ONLY_ACTIVE_ARCH = YES;
				SDKROOT = iphoneos;
			};
			name = Debug;
		};
		5D72D2F01C16249000E22EC1 /* Release */ = {
			isa = XCBuildConfiguration;
			buildSettings = {
				ALWAYS_EMBED_SWIFT_STANDARD_LIBRARIES = NO;
				ALWAYS_SEARCH_USER_PATHS = NO;
				CLANG_ALLOW_NON_MODULAR_INCLUDES_IN_FRAMEWORK_MODULES = YES;
				CLANG_CXX_LANGUAGE_STANDARD = "gnu++0x";
				CLANG_CXX_LIBRARY = "libc++";
				CLANG_ENABLE_MODULES = YES;
				CLANG_ENABLE_OBJC_ARC = YES;
				CLANG_WARN_BOOL_CONVERSION = YES;
				CLANG_WARN_CONSTANT_CONVERSION = YES;
				CLANG_WARN_DIRECT_OBJC_ISA_USAGE = YES_ERROR;
				CLANG_WARN_EMPTY_BODY = YES;
				CLANG_WARN_ENUM_CONVERSION = YES;
				CLANG_WARN_INT_CONVERSION = YES;
				CLANG_WARN_OBJC_ROOT_CLASS = YES_ERROR;
				CLANG_WARN_UNREACHABLE_CODE = YES;
				CLANG_WARN__DUPLICATE_METHOD_MATCH = YES;
				"CODE_SIGN_IDENTITY[sdk=iphoneos*]" = "iPhone Developer";
				COPY_PHASE_STRIP = NO;
				DEBUG_INFORMATION_FORMAT = "dwarf-with-dsym";
				DEFINES_MODULE = YES;
				ENABLE_NS_ASSERTIONS = NO;
				ENABLE_STRICT_OBJC_MSGSEND = YES;
				GCC_C_LANGUAGE_STANDARD = gnu99;
				GCC_NO_COMMON_BLOCKS = YES;
				GCC_WARN_64_TO_32_BIT_CONVERSION = YES;
				GCC_WARN_ABOUT_RETURN_TYPE = YES_ERROR;
				GCC_WARN_UNDECLARED_SELECTOR = YES;
				GCC_WARN_UNINITIALIZED_AUTOS = YES_AGGRESSIVE;
				GCC_WARN_UNUSED_FUNCTION = YES;
				GCC_WARN_UNUSED_VARIABLE = YES;
				IPHONEOS_DEPLOYMENT_TARGET = 9.1;
				MTL_ENABLE_DEBUG_INFO = NO;
				SDKROOT = iphoneos;
				VALIDATE_PRODUCT = YES;
			};
			name = Release;
		};
		5D72D2F21C16249000E22EC1 /* Debug */ = {
			isa = XCBuildConfiguration;
			buildSettings = {
				CLANG_ALLOW_NON_MODULAR_INCLUDES_IN_FRAMEWORK_MODULES = YES;
				CLANG_ENABLE_OBJC_ARC = YES;
				FRAMEWORK_SEARCH_PATHS = (
					"$(inherited)",
					"$(PROJECT_DIR)/RCTOkkamiSdkImplementation/build/Debug-iphoneos",
					"$(PROJECT_DIR)",
					"$(PROJECT_DIR)/../../ios/SDK/**",
					"$(PROJECT_DIR)/okkami-ios-sdk",
					"$(PROJECT_DIR)/okkami-ios-sdk/build/Release-iphoneos",
				);
				HEADER_SEARCH_PATHS = (
					"$(inherited)",
					/Applications/Xcode.app/Contents/Developer/Toolchains/XcodeDefault.xctoolchain/usr/include,
					"$(SRCROOT)/../node_modules/react-native/React/**",
					"$(SRCROOT)/../../node_modules/react-native/React/**",
					"$(SRCROOT)/../../ios/Pods/**",
					"$(SRCROOT)/../../ios/OKKAMI/**",
					"$(SRCROOT)/../../node_modules/react-native-config/**",
					"${SRCROOT}/../../ios/SDK/Headers",
				);
				LIBRARY_SEARCH_PATHS = "";
				OTHER_LDFLAGS = "-ObjC";
				PRODUCT_NAME = "$(TARGET_NAME)";
				SKIP_INSTALL = YES;
			};
			name = Debug;
		};
		5D72D2F31C16249000E22EC1 /* Release */ = {
			isa = XCBuildConfiguration;
			buildSettings = {
				CLANG_ALLOW_NON_MODULAR_INCLUDES_IN_FRAMEWORK_MODULES = YES;
				CLANG_ENABLE_OBJC_ARC = YES;
				FRAMEWORK_SEARCH_PATHS = (
					"$(inherited)",
					"$(PROJECT_DIR)/RCTOkkamiSdkImplementation/build/Debug-iphoneos",
					"$(PROJECT_DIR)",
					"$(PROJECT_DIR)/../../ios/SDK/**",
					"$(PROJECT_DIR)/okkami-ios-sdk",
					"$(PROJECT_DIR)/okkami-ios-sdk/build/Release-iphoneos",
				);
				HEADER_SEARCH_PATHS = (
					"$(inherited)",
					/Applications/Xcode.app/Contents/Developer/Toolchains/XcodeDefault.xctoolchain/usr/include,
					"$(SRCROOT)/../node_modules/react-native/React/**",
					"$(SRCROOT)/../../node_modules/react-native/React/**",
					"$(SRCROOT)/../../ios/Pods/**",
					"$(SRCROOT)/../../ios/OKKAMI/**",
					"$(SRCROOT)/../../node_modules/react-native-config/**",
					"${SRCROOT}/../../ios/SDK/Headers",
				);
				LIBRARY_SEARCH_PATHS = "";
				OTHER_LDFLAGS = "-ObjC";
				PRODUCT_NAME = "$(TARGET_NAME)";
				SKIP_INSTALL = YES;
			};
			name = Release;
		};
/* End XCBuildConfiguration section */

/* Begin XCConfigurationList section */
		5D72D2E31C16249000E22EC1 /* Build configuration list for PBXProject "RCTOkkamiSdk" */ = {
			isa = XCConfigurationList;
			buildConfigurations = (
				5D72D2EF1C16249000E22EC1 /* Debug */,
				5D72D2F01C16249000E22EC1 /* Release */,
			);
			defaultConfigurationIsVisible = 0;
			defaultConfigurationName = Release;
		};
		5D72D2F11C16249000E22EC1 /* Build configuration list for PBXNativeTarget "RCTOkkamiSdk" */ = {
			isa = XCConfigurationList;
			buildConfigurations = (
				5D72D2F21C16249000E22EC1 /* Debug */,
				5D72D2F31C16249000E22EC1 /* Release */,
			);
			defaultConfigurationIsVisible = 0;
			defaultConfigurationName = Release;
		};
/* End XCConfigurationList section */
	};
	rootObject = 5D72D2E01C16249000E22EC1 /* Project object */;
}
